// !$*UTF8*$!
{
	archiveVersion = 1;
	classes = {
	};
	objectVersion = 50;
	objects = {

/* Begin PBXBuildFile section */
		EB7AD2A02141910800C530F3 /* Test.framework in Frameworks */ = {isa = PBXBuildFile; fileRef = EB7AD29F2141910800C530F3 /* Test.framework */; };
		EBEE00E6213BC885007D53B2 /* AppDelegate.swift in Sources */ = {isa = PBXBuildFile; fileRef = EBEE00E5213BC885007D53B2 /* AppDelegate.swift */; };
		EBEE00E8213BC885007D53B2 /* ViewController.swift in Sources */ = {isa = PBXBuildFile; fileRef = EBEE00E7213BC885007D53B2 /* ViewController.swift */; };
		EBEE00EB213BC885007D53B2 /* Main.storyboard in Resources */ = {isa = PBXBuildFile; fileRef = EBEE00E9213BC885007D53B2 /* Main.storyboard */; };
		EBEE00EE213BC885007D53B2 /* goHelloSDKTest.xcdatamodeld in Sources */ = {isa = PBXBuildFile; fileRef = EBEE00EC213BC885007D53B2 /* goHelloSDKTest.xcdatamodeld */; };
		EBEE00F0213BC885007D53B2 /* Assets.xcassets in Resources */ = {isa = PBXBuildFile; fileRef = EBEE00EF213BC885007D53B2 /* Assets.xcassets */; };
		EBEE00F3213BC885007D53B2 /* LaunchScreen.storyboard in Resources */ = {isa = PBXBuildFile; fileRef = EBEE00F1213BC885007D53B2 /* LaunchScreen.storyboard */; };
		EBEE00FE213BC886007D53B2 /* goHelloSDKTestTests.swift in Sources */ = {isa = PBXBuildFile; fileRef = EBEE00FD213BC886007D53B2 /* goHelloSDKTestTests.swift */; };
		EBEE0109213BC886007D53B2 /* goHelloSDKTestUITests.swift in Sources */ = {isa = PBXBuildFile; fileRef = EBEE0108213BC886007D53B2 /* goHelloSDKTestUITests.swift */; };
/* End PBXBuildFile section */

/* Begin PBXContainerItemProxy section */
		EBEE00FA213BC886007D53B2 /* PBXContainerItemProxy */ = {
			isa = PBXContainerItemProxy;
			containerPortal = EBEE00DA213BC884007D53B2 /* Project object */;
			proxyType = 1;
			remoteGlobalIDString = EBEE00E1213BC884007D53B2;
			remoteInfo = goHelloSDKTest;
		};
		EBEE0105213BC886007D53B2 /* PBXContainerItemProxy */ = {
			isa = PBXContainerItemProxy;
			containerPortal = EBEE00DA213BC884007D53B2 /* Project object */;
			proxyType = 1;
			remoteGlobalIDString = EBEE00E1213BC884007D53B2;
			remoteInfo = goHelloSDKTest;
		};
/* End PBXContainerItemProxy section */

/* Begin PBXFileReference section */
		EB7AD29F2141910800C530F3 /* Test.framework */ = {isa = PBXFileReference; lastKnownFileType = wrapper.framework; path = Test.framework; sourceTree = "<group>"; };
		EBEE00E2213BC885007D53B2 /* goHelloSDKTest.app */ = {isa = PBXFileReference; explicitFileType = wrapper.application; includeInIndex = 0; path = goHelloSDKTest.app; sourceTree = BUILT_PRODUCTS_DIR; };
		EBEE00E5213BC885007D53B2 /* AppDelegate.swift */ = {isa = PBXFileReference; lastKnownFileType = sourcecode.swift; path = AppDelegate.swift; sourceTree = "<group>"; };
		EBEE00E7213BC885007D53B2 /* ViewController.swift */ = {isa = PBXFileReference; lastKnownFileType = sourcecode.swift; path = ViewController.swift; sourceTree = "<group>"; };
		EBEE00EA213BC885007D53B2 /* Base */ = {isa = PBXFileReference; lastKnownFileType = file.storyboard; name = Base; path = Base.lproj/Main.storyboard; sourceTree = "<group>"; };
		EBEE00ED213BC885007D53B2 /* goHelloSDKTest.xcdatamodel */ = {isa = PBXFileReference; lastKnownFileType = wrapper.xcdatamodel; path = goHelloSDKTest.xcdatamodel; sourceTree = "<group>"; };
		EBEE00EF213BC885007D53B2 /* Assets.xcassets */ = {isa = PBXFileReference; lastKnownFileType = folder.assetcatalog; path = Assets.xcassets; sourceTree = "<group>"; };
		EBEE00F2213BC885007D53B2 /* Base */ = {isa = PBXFileReference; lastKnownFileType = file.storyboard; name = Base; path = Base.lproj/LaunchScreen.storyboard; sourceTree = "<group>"; };
		EBEE00F4213BC885007D53B2 /* Info.plist */ = {isa = PBXFileReference; lastKnownFileType = text.plist.xml; path = Info.plist; sourceTree = "<group>"; };
		EBEE00F9213BC886007D53B2 /* goHelloSDKTestTests.xctest */ = {isa = PBXFileReference; explicitFileType = wrapper.cfbundle; includeInIndex = 0; path = goHelloSDKTestTests.xctest; sourceTree = BUILT_PRODUCTS_DIR; };
		EBEE00FD213BC886007D53B2 /* goHelloSDKTestTests.swift */ = {isa = PBXFileReference; lastKnownFileType = sourcecode.swift; path = goHelloSDKTestTests.swift; sourceTree = "<group>"; };
		EBEE00FF213BC886007D53B2 /* Info.plist */ = {isa = PBXFileReference; lastKnownFileType = text.plist.xml; path = Info.plist; sourceTree = "<group>"; };
		EBEE0104213BC886007D53B2 /* goHelloSDKTestUITests.xctest */ = {isa = PBXFileReference; explicitFileType = wrapper.cfbundle; includeInIndex = 0; path = goHelloSDKTestUITests.xctest; sourceTree = BUILT_PRODUCTS_DIR; };
		EBEE0108213BC886007D53B2 /* goHelloSDKTestUITests.swift */ = {isa = PBXFileReference; lastKnownFileType = sourcecode.swift; path = goHelloSDKTestUITests.swift; sourceTree = "<group>"; };
		EBEE010A213BC886007D53B2 /* Info.plist */ = {isa = PBXFileReference; lastKnownFileType = text.plist.xml; path = Info.plist; sourceTree = "<group>"; };
/* End PBXFileReference section */

/* Begin PBXFrameworksBuildPhase section */
		EBEE00DF213BC884007D53B2 /* Frameworks */ = {
			isa = PBXFrameworksBuildPhase;
			buildActionMask = 2147483647;
			files = (
				EB7AD2A02141910800C530F3 /* Test.framework in Frameworks */,
			);
			runOnlyForDeploymentPostprocessing = 0;
		};
		EBEE00F6213BC886007D53B2 /* Frameworks */ = {
			isa = PBXFrameworksBuildPhase;
			buildActionMask = 2147483647;
			files = (
			);
			runOnlyForDeploymentPostprocessing = 0;
		};
		EBEE0101213BC886007D53B2 /* Frameworks */ = {
			isa = PBXFrameworksBuildPhase;
			buildActionMask = 2147483647;
			files = (
			);
			runOnlyForDeploymentPostprocessing = 0;
		};
/* End PBXFrameworksBuildPhase section */

/* Begin PBXGroup section */
		EBEE00D9213BC884007D53B2 = {
			isa = PBXGroup;
			children = (
				EB7AD29F2141910800C530F3 /* Test.framework */,
				EBEE00E4213BC885007D53B2 /* goHelloSDKTest */,
				EBEE00FC213BC886007D53B2 /* goHelloSDKTestTests */,
				EBEE0107213BC886007D53B2 /* goHelloSDKTestUITests */,
				EBEE00E3213BC885007D53B2 /* Products */,
			);
			sourceTree = "<group>";
		};
		EBEE00E3213BC885007D53B2 /* Products */ = {
			isa = PBXGroup;
			children = (
				EBEE00E2213BC885007D53B2 /* goHelloSDKTest.app */,
				EBEE00F9213BC886007D53B2 /* goHelloSDKTestTests.xctest */,
				EBEE0104213BC886007D53B2 /* goHelloSDKTestUITests.xctest */,
			);
			name = Products;
			sourceTree = "<group>";
		};
		EBEE00E4213BC885007D53B2 /* goHelloSDKTest */ = {
			isa = PBXGroup;
			children = (
				EBEE00E5213BC885007D53B2 /* AppDelegate.swift */,
				EBEE00E7213BC885007D53B2 /* ViewController.swift */,
				EBEE00E9213BC885007D53B2 /* Main.storyboard */,
				EBEE00EF213BC885007D53B2 /* Assets.xcassets */,
				EBEE00F1213BC885007D53B2 /* LaunchScreen.storyboard */,
				EBEE00F4213BC885007D53B2 /* Info.plist */,
				EBEE00EC213BC885007D53B2 /* goHelloSDKTest.xcdatamodeld */,
			);
			path = goHelloSDKTest;
			sourceTree = "<group>";
		};
		EBEE00FC213BC886007D53B2 /* goHelloSDKTestTests */ = {
			isa = PBXGroup;
			children = (
				EBEE00FD213BC886007D53B2 /* goHelloSDKTestTests.swift */,
				EBEE00FF213BC886007D53B2 /* Info.plist */,
			);
			path = goHelloSDKTestTests;
			sourceTree = "<group>";
		};
		EBEE0107213BC886007D53B2 /* goHelloSDKTestUITests */ = {
			isa = PBXGroup;
			children = (
				EBEE0108213BC886007D53B2 /* goHelloSDKTestUITests.swift */,
				EBEE010A213BC886007D53B2 /* Info.plist */,
			);
			path = goHelloSDKTestUITests;
			sourceTree = "<group>";
		};
/* End PBXGroup section */

/* Begin PBXNativeTarget section */
		EBEE00E1213BC884007D53B2 /* goHelloSDKTest */ = {
			isa = PBXNativeTarget;
			buildConfigurationList = EBEE010D213BC886007D53B2 /* Build configuration list for PBXNativeTarget "goHelloSDKTest" */;
			buildPhases = (
				EBEE00DE213BC884007D53B2 /* Sources */,
				EBEE00DF213BC884007D53B2 /* Frameworks */,
				EBEE00E0213BC884007D53B2 /* Resources */,
			);
			buildRules = (
			);
			dependencies = (
			);
			name = goHelloSDKTest;
			productName = goHelloSDKTest;
			productReference = EBEE00E2213BC885007D53B2 /* goHelloSDKTest.app */;
			productType = "com.apple.product-type.application";
		};
		EBEE00F8213BC886007D53B2 /* goHelloSDKTestTests */ = {
			isa = PBXNativeTarget;
			buildConfigurationList = EBEE0110213BC886007D53B2 /* Build configuration list for PBXNativeTarget "goHelloSDKTestTests" */;
			buildPhases = (
				EBEE00F5213BC886007D53B2 /* Sources */,
				EBEE00F6213BC886007D53B2 /* Frameworks */,
				EBEE00F7213BC886007D53B2 /* Resources */,
			);
			buildRules = (
			);
			dependencies = (
				EBEE00FB213BC886007D53B2 /* PBXTargetDependency */,
			);
			name = goHelloSDKTestTests;
			productName = goHelloSDKTestTests;
			productReference = EBEE00F9213BC886007D53B2 /* goHelloSDKTestTests.xctest */;
			productType = "com.apple.product-type.bundle.unit-test";
		};
		EBEE0103213BC886007D53B2 /* goHelloSDKTestUITests */ = {
			isa = PBXNativeTarget;
			buildConfigurationList = EBEE0113213BC886007D53B2 /* Build configuration list for PBXNativeTarget "goHelloSDKTestUITests" */;
			buildPhases = (
				EBEE0100213BC886007D53B2 /* Sources */,
				EBEE0101213BC886007D53B2 /* Frameworks */,
				EBEE0102213BC886007D53B2 /* Resources */,
			);
			buildRules = (
			);
			dependencies = (
				EBEE0106213BC886007D53B2 /* PBXTargetDependency */,
			);
			name = goHelloSDKTestUITests;
			productName = goHelloSDKTestUITests;
			productReference = EBEE0104213BC886007D53B2 /* goHelloSDKTestUITests.xctest */;
			productType = "com.apple.product-type.bundle.ui-testing";
		};
/* End PBXNativeTarget section */

/* Begin PBXProject section */
		EBEE00DA213BC884007D53B2 /* Project object */ = {
			isa = PBXProject;
			attributes = {
				LastSwiftUpdateCheck = 0940;
				LastUpgradeCheck = 0940;
				ORGANIZATIONNAME = com.js;
				TargetAttributes = {
					EBEE00E1213BC884007D53B2 = {
						CreatedOnToolsVersion = 9.4.1;
					};
					EBEE00F8213BC886007D53B2 = {
						CreatedOnToolsVersion = 9.4.1;
						TestTargetID = EBEE00E1213BC884007D53B2;
					};
					EBEE0103213BC886007D53B2 = {
						CreatedOnToolsVersion = 9.4.1;
						TestTargetID = EBEE00E1213BC884007D53B2;
					};
				};
			};
			buildConfigurationList = EBEE00DD213BC884007D53B2 /* Build configuration list for PBXProject "goHelloSDKTest" */;
			compatibilityVersion = "Xcode 9.3";
			developmentRegion = en;
			hasScannedForEncodings = 0;
			knownRegions = (
				en,
				Base,
			);
			mainGroup = EBEE00D9213BC884007D53B2;
			productRefGroup = EBEE00E3213BC885007D53B2 /* Products */;
			projectDirPath = "";
			projectRoot = "";
			targets = (
				EBEE00E1213BC884007D53B2 /* goHelloSDKTest */,
				EBEE00F8213BC886007D53B2 /* goHelloSDKTestTests */,
				EBEE0103213BC886007D53B2 /* goHelloSDKTestUITests */,
			);
		};
/* End PBXProject section */

/* Begin PBXResourcesBuildPhase section */
		EBEE00E0213BC884007D53B2 /* Resources */ = {
			isa = PBXResourcesBuildPhase;
			buildActionMask = 2147483647;
			files = (
				EBEE00F3213BC885007D53B2 /* LaunchScreen.storyboard in Resources */,
				EBEE00F0213BC885007D53B2 /* Assets.xcassets in Resources */,
				EBEE00EB213BC885007D53B2 /* Main.storyboard in Resources */,
			);
			runOnlyForDeploymentPostprocessing = 0;
		};
		EBEE00F7213BC886007D53B2 /* Resources */ = {
			isa = PBXResourcesBuildPhase;
			buildActionMask = 2147483647;
			files = (
			);
			runOnlyForDeploymentPostprocessing = 0;
		};
		EBEE0102213BC886007D53B2 /* Resources */ = {
			isa = PBXResourcesBuildPhase;
			buildActionMask = 2147483647;
			files = (
			);
			runOnlyForDeploymentPostprocessing = 0;
		};
/* End PBXResourcesBuildPhase section */

/* Begin PBXSourcesBuildPhase section */
		EBEE00DE213BC884007D53B2 /* Sources */ = {
			isa = PBXSourcesBuildPhase;
			buildActionMask = 2147483647;
			files = (
				EBEE00E8213BC885007D53B2 /* ViewController.swift in Sources */,
				EBEE00EE213BC885007D53B2 /* goHelloSDKTest.xcdatamodeld in Sources */,
				EBEE00E6213BC885007D53B2 /* AppDelegate.swift in Sources */,
			);
			runOnlyForDeploymentPostprocessing = 0;
		};
		EBEE00F5213BC886007D53B2 /* Sources */ = {
			isa = PBXSourcesBuildPhase;
			buildActionMask = 2147483647;
			files = (
				EBEE00FE213BC886007D53B2 /* goHelloSDKTestTests.swift in Sources */,
			);
			runOnlyForDeploymentPostprocessing = 0;
		};
		EBEE0100213BC886007D53B2 /* Sources */ = {
			isa = PBXSourcesBuildPhase;
			buildActionMask = 2147483647;
			files = (
				EBEE0109213BC886007D53B2 /* goHelloSDKTestUITests.swift in Sources */,
			);
			runOnlyForDeploymentPostprocessing = 0;
		};
/* End PBXSourcesBuildPhase section */

/* Begin PBXTargetDependency section */
		EBEE00FB213BC886007D53B2 /* PBXTargetDependency */ = {
			isa = PBXTargetDependency;
			target = EBEE00E1213BC884007D53B2 /* goHelloSDKTest */;
			targetProxy = EBEE00FA213BC886007D53B2 /* PBXContainerItemProxy */;
		};
		EBEE0106213BC886007D53B2 /* PBXTargetDependency */ = {
			isa = PBXTargetDependency;
			target = EBEE00E1213BC884007D53B2 /* goHelloSDKTest */;
			targetProxy = EBEE0105213BC886007D53B2 /* PBXContainerItemProxy */;
		};
/* End PBXTargetDependency section */

/* Begin PBXVariantGroup section */
		EBEE00E9213BC885007D53B2 /* Main.storyboard */ = {
			isa = PBXVariantGroup;
			children = (
				EBEE00EA213BC885007D53B2 /* Base */,
			);
			name = Main.storyboard;
			sourceTree = "<group>";
		};
		EBEE00F1213BC885007D53B2 /* LaunchScreen.storyboard */ = {
			isa = PBXVariantGroup;
			children = (
				EBEE00F2213BC885007D53B2 /* Base */,
			);
			name = LaunchScreen.storyboard;
			sourceTree = "<group>";
		};
/* End PBXVariantGroup section */

/* Begin XCBuildConfiguration section */
		EBEE010B213BC886007D53B2 /* Debug */ = {
			isa = XCBuildConfiguration;
			buildSettings = {
				ALWAYS_SEARCH_USER_PATHS = NO;
				CLANG_ANALYZER_NONNULL = YES;
				CLANG_ANALYZER_NUMBER_OBJECT_CONVERSION = YES_AGGRESSIVE;
				CLANG_CXX_LANGUAGE_STANDARD = "gnu++14";
				CLANG_CXX_LIBRARY = "libc++";
				CLANG_ENABLE_MODULES = YES;
				CLANG_ENABLE_OBJC_ARC = YES;
				CLANG_ENABLE_OBJC_WEAK = YES;
				CLANG_WARN_BLOCK_CAPTURE_AUTORELEASING = YES;
				CLANG_WARN_BOOL_CONVERSION = YES;
				CLANG_WARN_COMMA = YES;
				CLANG_WARN_CONSTANT_CONVERSION = YES;
				CLANG_WARN_DEPRECATED_OBJC_IMPLEMENTATIONS = YES;
				CLANG_WARN_DIRECT_OBJC_ISA_USAGE = YES_ERROR;
				CLANG_WARN_DOCUMENTATION_COMMENTS = YES;
				CLANG_WARN_EMPTY_BODY = YES;
				CLANG_WARN_ENUM_CONVERSION = YES;
				CLANG_WARN_INFINITE_RECURSION = YES;
				CLANG_WARN_INT_CONVERSION = YES;
				CLANG_WARN_NON_LITERAL_NULL_CONVERSION = YES;
				CLANG_WARN_OBJC_IMPLICIT_RETAIN_SELF = YES;
				CLANG_WARN_OBJC_LITERAL_CONVERSION = YES;
				CLANG_WARN_OBJC_ROOT_CLASS = YES_ERROR;
				CLANG_WARN_RANGE_LOOP_ANALYSIS = YES;
				CLANG_WARN_STRICT_PROTOTYPES = YES;
				CLANG_WARN_SUSPICIOUS_MOVE = YES;
				CLANG_WARN_UNGUARDED_AVAILABILITY = YES_AGGRESSIVE;
				CLANG_WARN_UNREACHABLE_CODE = YES;
				CLANG_WARN__DUPLICATE_METHOD_MATCH = YES;
				CODE_SIGN_IDENTITY = "iPhone Developer";
				COPY_PHASE_STRIP = NO;
				DEBUG_INFORMATION_FORMAT = dwarf;
				ENABLE_STRICT_OBJC_MSGSEND = YES;
				ENABLE_TESTABILITY = YES;
				GCC_C_LANGUAGE_STANDARD = gnu11;
				GCC_DYNAMIC_NO_PIC = NO;
				GCC_NO_COMMON_BLOCKS = YES;
				GCC_OPTIMIZATION_LEVEL = 0;
				GCC_PREPROCESSOR_DEFINITIONS = (
					"DEBUG=1",
					"$(inherited)",
				);
				GCC_WARN_64_TO_32_BIT_CONVERSION = YES;
				GCC_WARN_ABOUT_RETURN_TYPE = YES_ERROR;
				GCC_WARN_UNDECLARED_SELECTOR = YES;
				GCC_WARN_UNINITIALIZED_AUTOS = YES_AGGRESSIVE;
				GCC_WARN_UNUSED_FUNCTION = YES;
				GCC_WARN_UNUSED_VARIABLE = YES;
				IPHONEOS_DEPLOYMENT_TARGET = 11.4;
				MTL_ENABLE_DEBUG_INFO = YES;
				ONLY_ACTIVE_ARCH = YES;
				SDKROOT = iphoneos;
				SWIFT_ACTIVE_COMPILATION_CONDITIONS = DEBUG;
				SWIFT_OPTIMIZATION_LEVEL = "-Onone";
			};
			name = Debug;
		};
		EBEE010C213BC886007D53B2 /* Release */ = {
			isa = XCBuildConfiguration;
			buildSettings = {
				ALWAYS_SEARCH_USER_PATHS = NO;
				CLANG_ANALYZER_NONNULL = YES;
				CLANG_ANALYZER_NUMBER_OBJECT_CONVERSION = YES_AGGRESSIVE;
				CLANG_CXX_LANGUAGE_STANDARD = "gnu++14";
				CLANG_CXX_LIBRARY = "libc++";
				CLANG_ENABLE_MODULES = YES;
				CLANG_ENABLE_OBJC_ARC = YES;
				CLANG_ENABLE_OBJC_WEAK = YES;
				CLANG_WARN_BLOCK_CAPTURE_AUTORELEASING = YES;
				CLANG_WARN_BOOL_CONVERSION = YES;
				CLANG_WARN_COMMA = YES;
				CLANG_WARN_CONSTANT_CONVERSION = YES;
				CLANG_WARN_DEPRECATED_OBJC_IMPLEMENTATIONS = YES;
				CLANG_WARN_DIRECT_OBJC_ISA_USAGE = YES_ERROR;
				CLANG_WARN_DOCUMENTATION_COMMENTS = YES;
				CLANG_WARN_EMPTY_BODY = YES;
				CLANG_WARN_ENUM_CONVERSION = YES;
				CLANG_WARN_INFINITE_RECURSION = YES;
				CLANG_WARN_INT_CONVERSION = YES;
				CLANG_WARN_NON_LITERAL_NULL_CONVERSION = YES;
				CLANG_WARN_OBJC_IMPLICIT_RETAIN_SELF = YES;
				CLANG_WARN_OBJC_LITERAL_CONVERSION = YES;
				CLANG_WARN_OBJC_ROOT_CLASS = YES_ERROR;
				CLANG_WARN_RANGE_LOOP_ANALYSIS = YES;
				CLANG_WARN_STRICT_PROTOTYPES = YES;
				CLANG_WARN_SUSPICIOUS_MOVE = YES;
				CLANG_WARN_UNGUARDED_AVAILABILITY = YES_AGGRESSIVE;
				CLANG_WARN_UNREACHABLE_CODE = YES;
				CLANG_WARN__DUPLICATE_METHOD_MATCH = YES;
				CODE_SIGN_IDENTITY = "iPhone Developer";
				COPY_PHASE_STRIP = NO;
				DEBUG_INFORMATION_FORMAT = "dwarf-with-dsym";
				ENABLE_NS_ASSERTIONS = NO;
				ENABLE_STRICT_OBJC_MSGSEND = YES;
				GCC_C_LANGUAGE_STANDARD = gnu11;
				GCC_NO_COMMON_BLOCKS = YES;
				GCC_WARN_64_TO_32_BIT_CONVERSION = YES;
				GCC_WARN_ABOUT_RETURN_TYPE = YES_ERROR;
				GCC_WARN_UNDECLARED_SELECTOR = YES;
				GCC_WARN_UNINITIALIZED_AUTOS = YES_AGGRESSIVE;
				GCC_WARN_UNUSED_FUNCTION = YES;
				GCC_WARN_UNUSED_VARIABLE = YES;
				IPHONEOS_DEPLOYMENT_TARGET = 11.4;
				MTL_ENABLE_DEBUG_INFO = NO;
				SDKROOT = iphoneos;
				SWIFT_COMPILATION_MODE = wholemodule;
				SWIFT_OPTIMIZATION_LEVEL = "-O";
				VALIDATE_PRODUCT = YES;
			};
			name = Release;
		};
		EBEE010E213BC886007D53B2 /* Debug */ = {
			isa = XCBuildConfiguration;
			buildSettings = {
				ASSETCATALOG_COMPILER_APPICON_NAME = AppIcon;
				CODE_SIGN_STYLE = Automatic;
				DEVELOPMENT_TEAM = 53PCKL938K;
				FRAMEWORK_SEARCH_PATHS = (
					"$(inherited)",
					"$(PROJECT_DIR)/goHelloSDKTest",
					"$(PROJECT_DIR)",
				);
				INFOPLIST_FILE = goHelloSDKTest/Info.plist;
				LD_RUNPATH_SEARCH_PATHS = (
					"$(inherited)",
					"@executable_path/Frameworks",
				);
				PRODUCT_BUNDLE_IDENTIFIER = com.js.goHelloSDKTest;
				PRODUCT_NAME = "$(TARGET_NAME)";
				SWIFT_VERSION = 4.0;
				TARGETED_DEVICE_FAMILY = "1,2";
			};
			name = Debug;
		};
		EBEE010F213BC886007D53B2 /* Release */ = {
			isa = XCBuildConfiguration;
			buildSettings = {
				ASSETCATALOG_COMPILER_APPICON_NAME = AppIcon;
				CODE_SIGN_STYLE = Automatic;
				DEVELOPMENT_TEAM = 53PCKL938K;
				FRAMEWORK_SEARCH_PATHS = (
					"$(inherited)",
					"$(PROJECT_DIR)/goHelloSDKTest",
					"$(PROJECT_DIR)",
				);
				INFOPLIST_FILE = goHelloSDKTest/Info.plist;
				LD_RUNPATH_SEARCH_PATHS = (
					"$(inherited)",
					"@executable_path/Frameworks",
				);
				PRODUCT_BUNDLE_IDENTIFIER = com.js.goHelloSDKTest;
				PRODUCT_NAME = "$(TARGET_NAME)";
				SWIFT_VERSION = 4.0;
				TARGETED_DEVICE_FAMILY = "1,2";
			};
			name = Release;
		};
		EBEE0111213BC886007D53B2 /* Debug */ = {
			isa = XCBuildConfiguration;
			buildSettings = {
				ALWAYS_EMBED_SWIFT_STANDARD_LIBRARIES = YES;
				BUNDLE_LOADER = "$(TEST_HOST)";
				CODE_SIGN_STYLE = Automatic;
				DEVELOPMENT_TEAM = B4Y4J8N45J;
				INFOPLIST_FILE = goHelloSDKTestTests/Info.plist;
				LD_RUNPATH_SEARCH_PATHS = (
					"$(inherited)",
					"@executable_path/Frameworks",
					"@loader_path/Frameworks",
				);
				PRODUCT_BUNDLE_IDENTIFIER = com.js.goHelloSDKTestTests;
				PRODUCT_NAME = "$(TARGET_NAME)";
				SWIFT_VERSION = 4.0;
				TARGETED_DEVICE_FAMILY = "1,2";
				TEST_HOST = "$(BUILT_PRODUCTS_DIR)/goHelloSDKTest.app/goHelloSDKTest";
			};
			name = Debug;
		};
		EBEE0112213BC886007D53B2 /* Release */ = {
			isa = XCBuildConfiguration;
			buildSettings = {
				ALWAYS_EMBED_SWIFT_STANDARD_LIBRARIES = YES;
				BUNDLE_LOADER = "$(TEST_HOST)";
				CODE_SIGN_STYLE = Automatic;
				DEVELOPMENT_TEAM = B4Y4J8N45J;
				INFOPLIST_FILE = goHelloSDKTestTests/Info.plist;
				LD_RUNPATH_SEARCH_PATHS = (
					"$(inherited)",
					"@executable_path/Frameworks",
					"@loader_path/Frameworks",
				);
				PRODUCT_BUNDLE_IDENTIFIER = com.js.goHelloSDKTestTests;
				PRODUCT_NAME = "$(TARGET_NAME)";
				SWIFT_VERSION = 4.0;
				TARGETED_DEVICE_FAMILY = "1,2";
				TEST_HOST = "$(BUILT_PRODUCTS_DIR)/goHelloSDKTest.app/goHelloSDKTest";
			};
			name = Release;
		};
		EBEE0114213BC886007D53B2 /* Debug */ = {
			isa = XCBuildConfiguration;
			buildSettings = {
				ALWAYS_EMBED_SWIFT_STANDARD_LIBRARIES = YES;
				CODE_SIGN_STYLE = Automatic;
				DEVELOPMENT_TEAM = B4Y4J8N45J;
				INFOPLIST_FILE = goHelloSDKTestUITests/Info.plist;
				LD_RUNPATH_SEARCH_PATHS = (
					"$(inherited)",
					"@executable_path/Frameworks",
					"@loader_path/Frameworks",
				);
				PRODUCT_BUNDLE_IDENTIFIER = com.js.goHelloSDKTestUITests;
				PRODUCT_NAME = "$(TARGET_NAME)";
				SWIFT_VERSION = 4.0;
				TARGETED_DEVICE_FAMILY = "1,2";
				TEST_TARGET_NAME = goHelloSDKTest;
			};
			name = Debug;
		};
		EBEE0115213BC886007D53B2 /* Release */ = {
			isa = XCBuildConfiguration;
			buildSettings = {
				ALWAYS_EMBED_SWIFT_STANDARD_LIBRARIES = YES;
				CODE_SIGN_STYLE = Automatic;
				DEVELOPMENT_TEAM = B4Y4J8N45J;
				INFOPLIST_FILE = goHelloSDKTestUITests/Info.plist;
				LD_RUNPATH_SEARCH_PATHS = (
					"$(inherited)",
					"@executable_path/Frameworks",
					"@loader_path/Frameworks",
				);
				PRODUCT_BUNDLE_IDENTIFIER = com.js.goHelloSDKTestUITests;
				PRODUCT_NAME = "$(TARGET_NAME)";
				SWIFT_VERSION = 4.0;
				TARGETED_DEVICE_FAMILY = "1,2";
				TEST_TARGET_NAME = goHelloSDKTest;
			};
			name = Release;
		};
/* End XCBuildConfiguration section */

/* Begin XCConfigurationList section */
		EBEE00DD213BC884007D53B2 /* Build configuration list for PBXProject "goHelloSDKTest" */ = {
			isa = XCConfigurationList;
			buildConfigurations = (
				EBEE010B213BC886007D53B2 /* Debug */,
				EBEE010C213BC886007D53B2 /* Release */,
			);
			defaultConfigurationIsVisible = 0;
			defaultConfigurationName = Release;
		};
		EBEE010D213BC886007D53B2 /* Build configuration list for PBXNativeTarget "goHelloSDKTest" */ = {
			isa = XCConfigurationList;
			buildConfigurations = (
				EBEE010E213BC886007D53B2 /* Debug */,
				EBEE010F213BC886007D53B2 /* Release */,
			);
			defaultConfigurationIsVisible = 0;
			defaultConfigurationName = Release;
		};
		EBEE0110213BC886007D53B2 /* Build configuration list for PBXNativeTarget "goHelloSDKTestTests" */ = {
			isa = XCConfigurationList;
			buildConfigurations = (
				EBEE0111213BC886007D53B2 /* Debug */,
				EBEE0112213BC886007D53B2 /* Release */,
			);
			defaultConfigurationIsVisible = 0;
			defaultConfigurationName = Release;
		};
		EBEE0113213BC886007D53B2 /* Build configuration list for PBXNativeTarget "goHelloSDKTestUITests" */ = {
			isa = XCConfigurationList;
			buildConfigurations = (
				EBEE0114213BC886007D53B2 /* Debug */,
				EBEE0115213BC886007D53B2 /* Release */,
			);
			defaultConfigurationIsVisible = 0;
			defaultConfigurationName = Release;
		};
/* End XCConfigurationList section */

/* Begin XCVersionGroup section */
		EBEE00EC213BC885007D53B2 /* goHelloSDKTest.xcdatamodeld */ = {
			isa = XCVersionGroup;
			children = (
				EBEE00ED213BC885007D53B2 /* goHelloSDKTest.xcdatamodel */,
			);
			currentVersion = EBEE00ED213BC885007D53B2 /* goHelloSDKTest.xcdatamodel */;
			path = goHelloSDKTest.xcdatamodeld;
			sourceTree = "<group>";
			versionGroupType = wrapper.xcdatamodel;
		};
/* End XCVersionGroup section */
	};
	rootObject = EBEE00DA213BC884007D53B2 /* Project object */;
}
